
Microsoft Visual Studio Solution File, Format Version 12.00
# Visual Studio 2012
Project("{FAE04EC0-301F-11D3-BF4B-00C04F79EFBC}") = "logv.core", "logv.core\logv.core.csproj", "{6A993034-6BC2-4DFF-81D2-FB6F6E4E93E7}"
EndProject
Project("{FAE04EC0-301F-11D3-BF4B-00C04F79EFBC}") = "logv.host", "logv.host\logv.host.csproj", "{3B3617AE-0704-4930-83F7-B9FDC6432D10}"
EndProject
Project("{FAE04EC0-301F-11D3-BF4B-00C04F79EFBC}") = "logv.http", "logv.http\logv.http.csproj", "{61FFE767-990C-45AD-BAFB-32C06115656B}"
EndProject
Project("{FAE04EC0-301F-11D3-BF4B-00C04F79EFBC}") = "logv.http.extensions", "logv.http.extensions\logv.http.extensions.csproj", "{88F1CA7C-FF06-46A3-9490-B59C2A5748A5}"
EndProject
Global
	GlobalSection(SolutionConfigurationPlatforms) = preSolution
		Debug|Any CPU = Debug|Any CPU
		Release|Any CPU = Release|Any CPU
	EndGlobalSection
	GlobalSection(ProjectConfigurationPlatforms) = postSolution
		{6A993034-6BC2-4DFF-81D2-FB6F6E4E93E7}.Debug|Any CPU.ActiveCfg = Debug|Any CPU
		{6A993034-6BC2-4DFF-81D2-FB6F6E4E93E7}.Debug|Any CPU.Build.0 = Debug|Any CPU
		{6A993034-6BC2-4DFF-81D2-FB6F6E4E93E7}.Release|Any CPU.ActiveCfg = Release|Any CPU
		{6A993034-6BC2-4DFF-81D2-FB6F6E4E93E7}.Release|Any CPU.Build.0 = Release|Any CPU
		{3B3617AE-0704-4930-83F7-B9FDC6432D10}.Debug|Any CPU.ActiveCfg = Debug|Any CPU
		{3B3617AE-0704-4930-83F7-B9FDC6432D10}.Debug|Any CPU.Build.0 = Debug|Any CPU
		{3B3617AE-0704-4930-83F7-B9FDC6432D10}.Release|Any CPU.ActiveCfg = Release|Any CPU
		{3B3617AE-0704-4930-83F7-B9FDC6432D10}.Release|Any CPU.Build.0 = Release|Any CPU
		{61FFE767-990C-45AD-BAFB-32C06115656B}.Debug|Any CPU.ActiveCfg = Debug|Any CPU
		{61FFE767-990C-45AD-BAFB-32C06115656B}.Debug|Any CPU.Build.0 = Debug|Any CPU
		{61FFE767-990C-45AD-BAFB-32C06115656B}.Release|Any CPU.ActiveCfg = Release|Any CPU
		{61FFE767-990C-45AD-BAFB-32C06115656B}.Release|Any CPU.Build.0 = Release|Any CPU
		{88F1CA7C-FF06-46A3-9490-B59C2A5748A5}.Debug|Any CPU.ActiveCfg = Debug|Any CPU
		{88F1CA7C-FF06-46A3-9490-B59C2A5748A5}.Debug|Any CPU.Build.0 = Debug|Any CPU
		{88F1CA7C-FF06-46A3-9490-B59C2A5748A5}.Release|Any CPU.ActiveCfg = Release|Any CPU
		{88F1CA7C-FF06-46A3-9490-B59C2A5748A5}.Release|Any CPU.Build.0 = Release|Any CPU
	EndGlobalSection
	GlobalSection(SolutionProperties) = preSolution
		HideSolutionNode = FALSE
	EndGlobalSection
EndGlobal
